// !$*UTF8*$!
{
	archiveVersion = 1;
	classes = {
	};
	objectVersion = 46;
	objects = {

/* Begin PBXBuildFile section */
		14441DF51E517878004F2F45 /* FeedCollapsedCell.swift in Sources */ = {isa = PBXBuildFile; fileRef = 14441DF41E517878004F2F45 /* FeedCollapsedCell.swift */; };
		14441DF71E517925004F2F45 /* MusicPostViewModel.swift in Sources */ = {isa = PBXBuildFile; fileRef = 14441DF61E517925004F2F45 /* MusicPostViewModel.swift */; };
		14441DF91E51851A004F2F45 /* FeedViewModel.swift in Sources */ = {isa = PBXBuildFile; fileRef = 14441DF81E51851A004F2F45 /* FeedViewModel.swift */; };
		14441DFD1E518A72004F2F45 /* DataProvider.swift in Sources */ = {isa = PBXBuildFile; fileRef = 14441DFC1E518A72004F2F45 /* DataProvider.swift */; };
		1453B1591E0C72CF009116AF /* UsernameViewController.swift in Sources */ = {isa = PBXBuildFile; fileRef = 1453B1581E0C72CF009116AF /* UsernameViewController.swift */; };
		1453B15C1E0E5A7A009116AF /* FriendSearchCell.swift in Sources */ = {isa = PBXBuildFile; fileRef = 1453B15B1E0E5A7A009116AF /* FriendSearchCell.swift */; };
		1453B15F1E0E5C0A009116AF /* FriendSearchViewController.swift in Sources */ = {isa = PBXBuildFile; fileRef = 1453B15E1E0E5C0A009116AF /* FriendSearchViewController.swift */; };
		147026601E033158004EFE39 /* MedleySession.swift in Sources */ = {isa = PBXBuildFile; fileRef = 1470265F1E033158004EFE39 /* MedleySession.swift */; };
		147026621E033290004EFE39 /* LoginProvider.swift in Sources */ = {isa = PBXBuildFile; fileRef = 147026611E033290004EFE39 /* LoginProvider.swift */; };
		147026641E0335AD004EFE39 /* FacebookManager.swift in Sources */ = {isa = PBXBuildFile; fileRef = 147026631E0335AD004EFE39 /* FacebookManager.swift */; };
		147026661E033649004EFE39 /* SocialMediaProvider.swift in Sources */ = {isa = PBXBuildFile; fileRef = 147026651E033649004EFE39 /* SocialMediaProvider.swift */; };
		147026681E049972004EFE39 /* MusicProvider.swift in Sources */ = {isa = PBXBuildFile; fileRef = 147026671E049972004EFE39 /* MusicProvider.swift */; };
		1485DD6B1E01B50B0055FD00 /* AppDelegate.swift in Sources */ = {isa = PBXBuildFile; fileRef = 1485DD6A1E01B50B0055FD00 /* AppDelegate.swift */; };
		1485DD6D1E01B50B0055FD00 /* LoginRootViewController.swift in Sources */ = {isa = PBXBuildFile; fileRef = 1485DD6C1E01B50B0055FD00 /* LoginRootViewController.swift */; };
		1485DD701E01B50B0055FD00 /* Main.storyboard in Resources */ = {isa = PBXBuildFile; fileRef = 1485DD6E1E01B50B0055FD00 /* Main.storyboard */; };
		1485DD731E01B50B0055FD00 /* Medley.xcdatamodeld in Sources */ = {isa = PBXBuildFile; fileRef = 1485DD711E01B50B0055FD00 /* Medley.xcdatamodeld */; };
		1485DD751E01B50B0055FD00 /* Assets.xcassets in Resources */ = {isa = PBXBuildFile; fileRef = 1485DD741E01B50B0055FD00 /* Assets.xcassets */; };
		1485DD781E01B50B0055FD00 /* LaunchScreen.storyboard in Resources */ = {isa = PBXBuildFile; fileRef = 1485DD761E01B50B0055FD00 /* LaunchScreen.storyboard */; };
		1485DD831E01B50B0055FD00 /* MedleyTests.swift in Sources */ = {isa = PBXBuildFile; fileRef = 1485DD821E01B50B0055FD00 /* MedleyTests.swift */; };
		1485DD8E1E01B50B0055FD00 /* MedleyUITests.swift in Sources */ = {isa = PBXBuildFile; fileRef = 1485DD8D1E01B50B0055FD00 /* MedleyUITests.swift */; };
		1485DD9C1E01B5700055FD00 /* GoogleService-Info.plist in Resources */ = {isa = PBXBuildFile; fileRef = 1485DD9B1E01B5700055FD00 /* GoogleService-Info.plist */; };
		1485DD9D1E01B5700055FD00 /* GoogleService-Info.plist in Resources */ = {isa = PBXBuildFile; fileRef = 1485DD9B1E01B5700055FD00 /* GoogleService-Info.plist */; };
		1485DD9E1E01B5700055FD00 /* GoogleService-Info.plist in Resources */ = {isa = PBXBuildFile; fileRef = 1485DD9B1E01B5700055FD00 /* GoogleService-Info.plist */; };
		14A17B001E4942DF000D3146 /* SongViewModel.swift in Sources */ = {isa = PBXBuildFile; fileRef = 14A17AFF1E4942DF000D3146 /* SongViewModel.swift */; };
		14A17B041E4942FA000D3146 /* Song.swift in Sources */ = {isa = PBXBuildFile; fileRef = 14A17B031E4942FA000D3146 /* Song.swift */; };
		14A17B061E494459000D3146 /* User.swift in Sources */ = {isa = PBXBuildFile; fileRef = 14A17B051E494459000D3146 /* User.swift */; };
		14A17B081E49454D000D3146 /* UserViewModel.swift in Sources */ = {isa = PBXBuildFile; fileRef = 14A17B071E49454D000D3146 /* UserViewModel.swift */; };
		14A17B0A1E494612000D3146 /* SegueIdentifiers.swift in Sources */ = {isa = PBXBuildFile; fileRef = 14A17B091E494612000D3146 /* SegueIdentifiers.swift */; };
		14A17B0C1E494AB1000D3146 /* MockMusicProvider.swift in Sources */ = {isa = PBXBuildFile; fileRef = 14A17B0B1E494AB1000D3146 /* MockMusicProvider.swift */; };
		14A17B0F1E497823000D3146 /* MusicPost.swift in Sources */ = {isa = PBXBuildFile; fileRef = 14A17B0E1E497823000D3146 /* MusicPost.swift */; };
		14A17B111E49810F000D3146 /* MockDataProvider.swift in Sources */ = {isa = PBXBuildFile; fileRef = 14A17B101E49810F000D3146 /* MockDataProvider.swift */; };
		14A17B131E49CA49000D3146 /* FeedViewController.swift in Sources */ = {isa = PBXBuildFile; fileRef = 14A17B121E49CA49000D3146 /* FeedViewController.swift */; };
		14C8AD7F1E0B3BCF00D990BF /* MainRootVC.swift in Sources */ = {isa = PBXBuildFile; fileRef = 14C8AD7E1E0B3BCF00D990BF /* MainRootVC.swift */; };
		14DC21891E05C2DC00B621EE /* Login.storyboard in Resources */ = {isa = PBXBuildFile; fileRef = 14DC21881E05C2DC00B621EE /* Login.storyboard */; };
		333B9F1FFA3982E901469C99 /* Pods_MedleyUITests.framework in Frameworks */ = {isa = PBXBuildFile; fileRef = 8C376E0330318C2E9666E1B3 /* Pods_MedleyUITests.framework */; };
		93505EC7AAD0C1C9194D76EE /* Pods_Medley.framework in Frameworks */ = {isa = PBXBuildFile; fileRef = 7B203E2F9A20EA79CABC031B /* Pods_Medley.framework */; };
		AF13BD57B46B2647A0F5F2A0 /* Pods_MedleyTests.framework in Frameworks */ = {isa = PBXBuildFile; fileRef = 6BECD546836243CE9D3DCAA4 /* Pods_MedleyTests.framework */; };
/* End PBXBuildFile section */

/* Begin PBXContainerItemProxy section */
		1485DD7F1E01B50B0055FD00 /* PBXContainerItemProxy */ = {
			isa = PBXContainerItemProxy;
			containerPortal = 1485DD5F1E01B50B0055FD00 /* Project object */;
			proxyType = 1;
			remoteGlobalIDString = 1485DD661E01B50B0055FD00;
			remoteInfo = Medley;
		};
		1485DD8A1E01B50B0055FD00 /* PBXContainerItemProxy */ = {
			isa = PBXContainerItemProxy;
			containerPortal = 1485DD5F1E01B50B0055FD00 /* Project object */;
			proxyType = 1;
			remoteGlobalIDString = 1485DD661E01B50B0055FD00;
			remoteInfo = Medley;
		};
/* End PBXContainerItemProxy section */

/* Begin PBXFileReference section */
		08C1FFE4B8B7F7117F7811DC /* Pods-MedleyUITests.debug.xcconfig */ = {isa = PBXFileReference; includeInIndex = 1; lastKnownFileType = text.xcconfig; name = "Pods-MedleyUITests.debug.xcconfig"; path = "Pods/Target Support Files/Pods-MedleyUITests/Pods-MedleyUITests.debug.xcconfig"; sourceTree = "<group>"; };
		14441DF41E517878004F2F45 /* FeedCollapsedCell.swift */ = {isa = PBXFileReference; fileEncoding = 4; lastKnownFileType = sourcecode.swift; path = FeedCollapsedCell.swift; sourceTree = "<group>"; };
		14441DF61E517925004F2F45 /* MusicPostViewModel.swift */ = {isa = PBXFileReference; fileEncoding = 4; lastKnownFileType = sourcecode.swift; path = MusicPostViewModel.swift; sourceTree = "<group>"; };
		14441DF81E51851A004F2F45 /* FeedViewModel.swift */ = {isa = PBXFileReference; fileEncoding = 4; lastKnownFileType = sourcecode.swift; path = FeedViewModel.swift; sourceTree = "<group>"; };
		14441DFC1E518A72004F2F45 /* DataProvider.swift */ = {isa = PBXFileReference; fileEncoding = 4; lastKnownFileType = sourcecode.swift; path = DataProvider.swift; sourceTree = "<group>"; };
		1453B1581E0C72CF009116AF /* UsernameViewController.swift */ = {isa = PBXFileReference; fileEncoding = 4; lastKnownFileType = sourcecode.swift; path = UsernameViewController.swift; sourceTree = "<group>"; };
		1453B15B1E0E5A7A009116AF /* FriendSearchCell.swift */ = {isa = PBXFileReference; fileEncoding = 4; lastKnownFileType = sourcecode.swift; path = FriendSearchCell.swift; sourceTree = "<group>"; };
		1453B15E1E0E5C0A009116AF /* FriendSearchViewController.swift */ = {isa = PBXFileReference; fileEncoding = 4; lastKnownFileType = sourcecode.swift; path = FriendSearchViewController.swift; sourceTree = "<group>"; };
		1470265E1E01C469004EFE39 /* Medley.entitlements */ = {isa = PBXFileReference; lastKnownFileType = text.plist.entitlements; path = Medley.entitlements; sourceTree = "<group>"; };
		1470265F1E033158004EFE39 /* MedleySession.swift */ = {isa = PBXFileReference; fileEncoding = 4; lastKnownFileType = sourcecode.swift; path = MedleySession.swift; sourceTree = "<group>"; };
		147026611E033290004EFE39 /* LoginProvider.swift */ = {isa = PBXFileReference; fileEncoding = 4; lastKnownFileType = sourcecode.swift; path = LoginProvider.swift; sourceTree = "<group>"; };
		147026631E0335AD004EFE39 /* FacebookManager.swift */ = {isa = PBXFileReference; fileEncoding = 4; lastKnownFileType = sourcecode.swift; path = FacebookManager.swift; sourceTree = "<group>"; };
		147026651E033649004EFE39 /* SocialMediaProvider.swift */ = {isa = PBXFileReference; fileEncoding = 4; lastKnownFileType = sourcecode.swift; path = SocialMediaProvider.swift; sourceTree = "<group>"; };
		147026671E049972004EFE39 /* MusicProvider.swift */ = {isa = PBXFileReference; fileEncoding = 4; lastKnownFileType = sourcecode.swift; path = MusicProvider.swift; sourceTree = "<group>"; };
		1485DD671E01B50B0055FD00 /* Medley.app */ = {isa = PBXFileReference; explicitFileType = wrapper.application; includeInIndex = 0; path = Medley.app; sourceTree = BUILT_PRODUCTS_DIR; };
		1485DD6A1E01B50B0055FD00 /* AppDelegate.swift */ = {isa = PBXFileReference; lastKnownFileType = sourcecode.swift; path = AppDelegate.swift; sourceTree = "<group>"; };
		1485DD6C1E01B50B0055FD00 /* LoginRootViewController.swift */ = {isa = PBXFileReference; lastKnownFileType = sourcecode.swift; path = LoginRootViewController.swift; sourceTree = "<group>"; };
		1485DD6F1E01B50B0055FD00 /* Base */ = {isa = PBXFileReference; lastKnownFileType = file.storyboard; name = Base; path = Base.lproj/Main.storyboard; sourceTree = "<group>"; };
		1485DD721E01B50B0055FD00 /* Medley.xcdatamodel */ = {isa = PBXFileReference; lastKnownFileType = wrapper.xcdatamodel; path = Medley.xcdatamodel; sourceTree = "<group>"; };
		1485DD741E01B50B0055FD00 /* Assets.xcassets */ = {isa = PBXFileReference; lastKnownFileType = folder.assetcatalog; path = Assets.xcassets; sourceTree = "<group>"; };
		1485DD771E01B50B0055FD00 /* Base */ = {isa = PBXFileReference; lastKnownFileType = file.storyboard; name = Base; path = Base.lproj/LaunchScreen.storyboard; sourceTree = "<group>"; };
		1485DD791E01B50B0055FD00 /* Info.plist */ = {isa = PBXFileReference; lastKnownFileType = text.plist.xml; path = Info.plist; sourceTree = "<group>"; };
		1485DD7E1E01B50B0055FD00 /* MedleyTests.xctest */ = {isa = PBXFileReference; explicitFileType = wrapper.cfbundle; includeInIndex = 0; path = MedleyTests.xctest; sourceTree = BUILT_PRODUCTS_DIR; };
		1485DD821E01B50B0055FD00 /* MedleyTests.swift */ = {isa = PBXFileReference; lastKnownFileType = sourcecode.swift; path = MedleyTests.swift; sourceTree = "<group>"; };
		1485DD841E01B50B0055FD00 /* Info.plist */ = {isa = PBXFileReference; lastKnownFileType = text.plist.xml; path = Info.plist; sourceTree = "<group>"; };
		1485DD891E01B50B0055FD00 /* MedleyUITests.xctest */ = {isa = PBXFileReference; explicitFileType = wrapper.cfbundle; includeInIndex = 0; path = MedleyUITests.xctest; sourceTree = BUILT_PRODUCTS_DIR; };
		1485DD8D1E01B50B0055FD00 /* MedleyUITests.swift */ = {isa = PBXFileReference; lastKnownFileType = sourcecode.swift; path = MedleyUITests.swift; sourceTree = "<group>"; };
		1485DD8F1E01B50B0055FD00 /* Info.plist */ = {isa = PBXFileReference; lastKnownFileType = text.plist.xml; path = Info.plist; sourceTree = "<group>"; };
		1485DD9B1E01B5700055FD00 /* GoogleService-Info.plist */ = {isa = PBXFileReference; fileEncoding = 4; lastKnownFileType = text.plist.xml; path = "GoogleService-Info.plist"; sourceTree = "<group>"; };
		14A17AFF1E4942DF000D3146 /* SongViewModel.swift */ = {isa = PBXFileReference; fileEncoding = 4; lastKnownFileType = sourcecode.swift; path = SongViewModel.swift; sourceTree = "<group>"; };
		14A17B031E4942FA000D3146 /* Song.swift */ = {isa = PBXFileReference; fileEncoding = 4; lastKnownFileType = sourcecode.swift; path = Song.swift; sourceTree = "<group>"; };
		14A17B051E494459000D3146 /* User.swift */ = {isa = PBXFileReference; fileEncoding = 4; lastKnownFileType = sourcecode.swift; path = User.swift; sourceTree = "<group>"; };
		14A17B071E49454D000D3146 /* UserViewModel.swift */ = {isa = PBXFileReference; fileEncoding = 4; lastKnownFileType = sourcecode.swift; path = UserViewModel.swift; sourceTree = "<group>"; };
		14A17B091E494612000D3146 /* SegueIdentifiers.swift */ = {isa = PBXFileReference; fileEncoding = 4; lastKnownFileType = sourcecode.swift; path = SegueIdentifiers.swift; sourceTree = "<group>"; };
		14A17B0B1E494AB1000D3146 /* MockMusicProvider.swift */ = {isa = PBXFileReference; fileEncoding = 4; lastKnownFileType = sourcecode.swift; path = MockMusicProvider.swift; sourceTree = "<group>"; };
		14A17B0E1E497823000D3146 /* MusicPost.swift */ = {isa = PBXFileReference; fileEncoding = 4; lastKnownFileType = sourcecode.swift; path = MusicPost.swift; sourceTree = "<group>"; };
		14A17B101E49810F000D3146 /* MockDataProvider.swift */ = {isa = PBXFileReference; fileEncoding = 4; lastKnownFileType = sourcecode.swift; path = MockDataProvider.swift; sourceTree = "<group>"; };
		14A17B121E49CA49000D3146 /* FeedViewController.swift */ = {isa = PBXFileReference; fileEncoding = 4; lastKnownFileType = sourcecode.swift; path = FeedViewController.swift; sourceTree = "<group>"; };
		14C8AD7E1E0B3BCF00D990BF /* MainRootVC.swift */ = {isa = PBXFileReference; fileEncoding = 4; lastKnownFileType = sourcecode.swift; path = MainRootVC.swift; sourceTree = "<group>"; };
		14DC21881E05C2DC00B621EE /* Login.storyboard */ = {isa = PBXFileReference; fileEncoding = 4; lastKnownFileType = file.storyboard; path = Login.storyboard; sourceTree = "<group>"; };
		1AAE07A0001705C05781F511 /* Pods-Medley.release.xcconfig */ = {isa = PBXFileReference; includeInIndex = 1; lastKnownFileType = text.xcconfig; name = "Pods-Medley.release.xcconfig"; path = "Pods/Target Support Files/Pods-Medley/Pods-Medley.release.xcconfig"; sourceTree = "<group>"; };
		6BECD546836243CE9D3DCAA4 /* Pods_MedleyTests.framework */ = {isa = PBXFileReference; explicitFileType = wrapper.framework; includeInIndex = 0; path = Pods_MedleyTests.framework; sourceTree = BUILT_PRODUCTS_DIR; };
		7B203E2F9A20EA79CABC031B /* Pods_Medley.framework */ = {isa = PBXFileReference; explicitFileType = wrapper.framework; includeInIndex = 0; path = Pods_Medley.framework; sourceTree = BUILT_PRODUCTS_DIR; };
		82F4B59DD7B832657BE8DAC9 /* Pods-MedleyTests.release.xcconfig */ = {isa = PBXFileReference; includeInIndex = 1; lastKnownFileType = text.xcconfig; name = "Pods-MedleyTests.release.xcconfig"; path = "Pods/Target Support Files/Pods-MedleyTests/Pods-MedleyTests.release.xcconfig"; sourceTree = "<group>"; };
		8C376E0330318C2E9666E1B3 /* Pods_MedleyUITests.framework */ = {isa = PBXFileReference; explicitFileType = wrapper.framework; includeInIndex = 0; path = Pods_MedleyUITests.framework; sourceTree = BUILT_PRODUCTS_DIR; };
		9915AB07A5C2833306EB6AD8 /* Pods-MedleyTests.debug.xcconfig */ = {isa = PBXFileReference; includeInIndex = 1; lastKnownFileType = text.xcconfig; name = "Pods-MedleyTests.debug.xcconfig"; path = "Pods/Target Support Files/Pods-MedleyTests/Pods-MedleyTests.debug.xcconfig"; sourceTree = "<group>"; };
		CD7E1B740C3CFD60A2EC3213 /* Pods-Medley.debug.xcconfig */ = {isa = PBXFileReference; includeInIndex = 1; lastKnownFileType = text.xcconfig; name = "Pods-Medley.debug.xcconfig"; path = "Pods/Target Support Files/Pods-Medley/Pods-Medley.debug.xcconfig"; sourceTree = "<group>"; };
		EE95673C61D7EFD6074C4FDF /* Pods-MedleyUITests.release.xcconfig */ = {isa = PBXFileReference; includeInIndex = 1; lastKnownFileType = text.xcconfig; name = "Pods-MedleyUITests.release.xcconfig"; path = "Pods/Target Support Files/Pods-MedleyUITests/Pods-MedleyUITests.release.xcconfig"; sourceTree = "<group>"; };
/* End PBXFileReference section */

/* Begin PBXFrameworksBuildPhase section */
		1485DD641E01B50B0055FD00 /* Frameworks */ = {
			isa = PBXFrameworksBuildPhase;
			buildActionMask = 2147483647;
			files = (
				93505EC7AAD0C1C9194D76EE /* Pods_Medley.framework in Frameworks */,
			);
			runOnlyForDeploymentPostprocessing = 0;
		};
		1485DD7B1E01B50B0055FD00 /* Frameworks */ = {
			isa = PBXFrameworksBuildPhase;
			buildActionMask = 2147483647;
			files = (
				AF13BD57B46B2647A0F5F2A0 /* Pods_MedleyTests.framework in Frameworks */,
			);
			runOnlyForDeploymentPostprocessing = 0;
		};
		1485DD861E01B50B0055FD00 /* Frameworks */ = {
			isa = PBXFrameworksBuildPhase;
			buildActionMask = 2147483647;
			files = (
				333B9F1FFA3982E901469C99 /* Pods_MedleyUITests.framework in Frameworks */,
			);
			runOnlyForDeploymentPostprocessing = 0;
		};
/* End PBXFrameworksBuildPhase section */

/* Begin PBXGroup section */
		14441DFA1E51851F004F2F45 /* Feed */ = {
			isa = PBXGroup;
			children = (
				14A17B121E49CA49000D3146 /* FeedViewController.swift */,
				14441DF81E51851A004F2F45 /* FeedViewModel.swift */,
				14441DF41E517878004F2F45 /* FeedCollapsedCell.swift */,
			);
			name = Feed;
			sourceTree = "<group>";
		};
		1453B1501E0C708F009116AF /* Storyboards */ = {
			isa = PBXGroup;
			children = (
				14DC21881E05C2DC00B621EE /* Login.storyboard */,
				1485DD6E1E01B50B0055FD00 /* Main.storyboard */,
				14A17B091E494612000D3146 /* SegueIdentifiers.swift */,
			);
			name = Storyboards;
			sourceTree = "<group>";
		};
		1453B1511E0C70A5009116AF /* Login */ = {
			isa = PBXGroup;
			children = (
				1453B1571E0C71D1009116AF /* Models */,
				1453B1561E0C715E009116AF /* Controllers */,
			);
			name = Login;
			sourceTree = "<group>";
		};
		1453B1531E0C70EF009116AF /* MainRoot */ = {
			isa = PBXGroup;
			children = (
				1453B15A1E0E5A54009116AF /* Controllers */,
				1453B15D1E0E5A81009116AF /* Models */,
			);
			name = MainRoot;
			sourceTree = "<group>";
		};
		1453B1561E0C715E009116AF /* Controllers */ = {
			isa = PBXGroup;
			children = (
				1485DD6C1E01B50B0055FD00 /* LoginRootViewController.swift */,
				1453B1581E0C72CF009116AF /* UsernameViewController.swift */,
			);
			name = Controllers;
			sourceTree = "<group>";
		};
		1453B1571E0C71D1009116AF /* Models */ = {
			isa = PBXGroup;
			children = (
				147026631E0335AD004EFE39 /* FacebookManager.swift */,
				147026651E033649004EFE39 /* SocialMediaProvider.swift */,
				147026671E049972004EFE39 /* MusicProvider.swift */,
				147026611E033290004EFE39 /* LoginProvider.swift */,
			);
			name = Models;
			sourceTree = "<group>";
		};
		1453B15A1E0E5A54009116AF /* Controllers */ = {
			isa = PBXGroup;
			children = (
				14C8AD7E1E0B3BCF00D990BF /* MainRootVC.swift */,
				1453B15E1E0E5C0A009116AF /* FriendSearchViewController.swift */,
			);
			name = Controllers;
			sourceTree = "<group>";
		};
		1453B15D1E0E5A81009116AF /* Models */ = {
			isa = PBXGroup;
			children = (
				1453B15B1E0E5A7A009116AF /* FriendSearchCell.swift */,
			);
			name = Models;
			sourceTree = "<group>";
		};
		1485DD5E1E01B50B0055FD00 = {
			isa = PBXGroup;
			children = (
				1485DD691E01B50B0055FD00 /* Medley */,
				1485DD811E01B50B0055FD00 /* MedleyTests */,
				1485DD8C1E01B50B0055FD00 /* MedleyUITests */,
				1485DD681E01B50B0055FD00 /* Products */,
				A88AB46D9231354BE1C3F35C /* Pods */,
				7159F2DC24BB138B4C115271 /* Frameworks */,
			);
			sourceTree = "<group>";
		};
		1485DD681E01B50B0055FD00 /* Products */ = {
			isa = PBXGroup;
			children = (
				1485DD671E01B50B0055FD00 /* Medley.app */,
				1485DD7E1E01B50B0055FD00 /* MedleyTests.xctest */,
				1485DD891E01B50B0055FD00 /* MedleyUITests.xctest */,
			);
			name = Products;
			sourceTree = "<group>";
		};
		1485DD691E01B50B0055FD00 /* Medley */ = {
			isa = PBXGroup;
			children = (
				1470265E1E01C469004EFE39 /* Medley.entitlements */,
				1485DD6A1E01B50B0055FD00 /* AppDelegate.swift */,
				1470265F1E033158004EFE39 /* MedleySession.swift */,
				14A17B011E4942E1000D3146 /* New */,
				14A17AFE1E493F44000D3146 /* Old */,
				1453B1501E0C708F009116AF /* Storyboards */,
				1485DD741E01B50B0055FD00 /* Assets.xcassets */,
				1485DD761E01B50B0055FD00 /* LaunchScreen.storyboard */,
				1485DD791E01B50B0055FD00 /* Info.plist */,
				1485DD9B1E01B5700055FD00 /* GoogleService-Info.plist */,
				1485DD711E01B50B0055FD00 /* Medley.xcdatamodeld */,
			);
			path = Medley;
			sourceTree = "<group>";
		};
		1485DD811E01B50B0055FD00 /* MedleyTests */ = {
			isa = PBXGroup;
			children = (
				1485DD821E01B50B0055FD00 /* MedleyTests.swift */,
				1485DD841E01B50B0055FD00 /* Info.plist */,
			);
			path = MedleyTests;
			sourceTree = "<group>";
		};
		1485DD8C1E01B50B0055FD00 /* MedleyUITests */ = {
			isa = PBXGroup;
			children = (
				1485DD8D1E01B50B0055FD00 /* MedleyUITests.swift */,
				1485DD8F1E01B50B0055FD00 /* Info.plist */,
			);
			path = MedleyUITests;
			sourceTree = "<group>";
		};
		14A17AFE1E493F44000D3146 /* Old */ = {
			isa = PBXGroup;
			children = (
				1453B1511E0C70A5009116AF /* Login */,
				1453B1531E0C70EF009116AF /* MainRoot */,
			);
			name = Old;
			sourceTree = "<group>";
		};
		14A17B011E4942E1000D3146 /* New */ = {
			isa = PBXGroup;
			children = (
				14A17B021E4942E9000D3146 /* Models */,
				14A17B0B1E494AB1000D3146 /* MockMusicProvider.swift */,
				14A17B101E49810F000D3146 /* MockDataProvider.swift */,
				14441DFA1E51851F004F2F45 /* Feed */,
				14441DFC1E518A72004F2F45 /* DataProvider.swift */,
			);
			name = New;
			sourceTree = "<group>";
		};
		14A17B021E4942E9000D3146 /* Models */ = {
			isa = PBXGroup;
			children = (
				14A17AFF1E4942DF000D3146 /* SongViewModel.swift */,
				14A17B031E4942FA000D3146 /* Song.swift */,
				14A17B051E494459000D3146 /* User.swift */,
				14A17B071E49454D000D3146 /* UserViewModel.swift */,
				14A17B0E1E497823000D3146 /* MusicPost.swift */,
				14441DF61E517925004F2F45 /* MusicPostViewModel.swift */,
			);
			name = Models;
			sourceTree = "<group>";
		};
		7159F2DC24BB138B4C115271 /* Frameworks */ = {
			isa = PBXGroup;
			children = (
				7B203E2F9A20EA79CABC031B /* Pods_Medley.framework */,
				6BECD546836243CE9D3DCAA4 /* Pods_MedleyTests.framework */,
				8C376E0330318C2E9666E1B3 /* Pods_MedleyUITests.framework */,
			);
			name = Frameworks;
			sourceTree = "<group>";
		};
		A88AB46D9231354BE1C3F35C /* Pods */ = {
			isa = PBXGroup;
			children = (
				CD7E1B740C3CFD60A2EC3213 /* Pods-Medley.debug.xcconfig */,
				1AAE07A0001705C05781F511 /* Pods-Medley.release.xcconfig */,
				9915AB07A5C2833306EB6AD8 /* Pods-MedleyTests.debug.xcconfig */,
				82F4B59DD7B832657BE8DAC9 /* Pods-MedleyTests.release.xcconfig */,
				08C1FFE4B8B7F7117F7811DC /* Pods-MedleyUITests.debug.xcconfig */,
				EE95673C61D7EFD6074C4FDF /* Pods-MedleyUITests.release.xcconfig */,
			);
			name = Pods;
			sourceTree = "<group>";
		};
/* End PBXGroup section */

/* Begin PBXNativeTarget section */
		1485DD661E01B50B0055FD00 /* Medley */ = {
			isa = PBXNativeTarget;
			buildConfigurationList = 1485DD921E01B50B0055FD00 /* Build configuration list for PBXNativeTarget "Medley" */;
			buildPhases = (
				2CB064A25A3CFF2DC70C4669 /* [CP] Check Pods Manifest.lock */,
				1485DD631E01B50B0055FD00 /* Sources */,
				1485DD641E01B50B0055FD00 /* Frameworks */,
				1485DD651E01B50B0055FD00 /* Resources */,
				702AC69E72BDE696AC2428F3 /* [CP] Embed Pods Frameworks */,
				AE5B811791E96287BD113638 /* [CP] Copy Pods Resources */,
			);
			buildRules = (
			);
			dependencies = (
			);
			name = Medley;
			productName = Medley;
			productReference = 1485DD671E01B50B0055FD00 /* Medley.app */;
			productType = "com.apple.product-type.application";
		};
		1485DD7D1E01B50B0055FD00 /* MedleyTests */ = {
			isa = PBXNativeTarget;
			buildConfigurationList = 1485DD951E01B50B0055FD00 /* Build configuration list for PBXNativeTarget "MedleyTests" */;
			buildPhases = (
				90E94106F56FE327727A955F /* [CP] Check Pods Manifest.lock */,
				1485DD7A1E01B50B0055FD00 /* Sources */,
				1485DD7B1E01B50B0055FD00 /* Frameworks */,
				1485DD7C1E01B50B0055FD00 /* Resources */,
				5885CA683D7F134BE4B4B88F /* [CP] Embed Pods Frameworks */,
				C0CE81BAC3A43C98E66DB651 /* [CP] Copy Pods Resources */,
			);
			buildRules = (
			);
			dependencies = (
				1485DD801E01B50B0055FD00 /* PBXTargetDependency */,
			);
			name = MedleyTests;
			productName = MedleyTests;
			productReference = 1485DD7E1E01B50B0055FD00 /* MedleyTests.xctest */;
			productType = "com.apple.product-type.bundle.unit-test";
		};
		1485DD881E01B50B0055FD00 /* MedleyUITests */ = {
			isa = PBXNativeTarget;
			buildConfigurationList = 1485DD981E01B50B0055FD00 /* Build configuration list for PBXNativeTarget "MedleyUITests" */;
			buildPhases = (
				084BFBD941EB4C663C6B6EC4 /* [CP] Check Pods Manifest.lock */,
				1485DD851E01B50B0055FD00 /* Sources */,
				1485DD861E01B50B0055FD00 /* Frameworks */,
				1485DD871E01B50B0055FD00 /* Resources */,
				A442F069C3D6A45AE45E0AB3 /* [CP] Copy Pods Resources */,
				8CE1EF1EF7E2F79499A56EBE /* [CP] Embed Pods Frameworks */,
			);
			buildRules = (
			);
			dependencies = (
				1485DD8B1E01B50B0055FD00 /* PBXTargetDependency */,
			);
			name = MedleyUITests;
			productName = MedleyUITests;
			productReference = 1485DD891E01B50B0055FD00 /* MedleyUITests.xctest */;
			productType = "com.apple.product-type.bundle.ui-testing";
		};
/* End PBXNativeTarget section */

/* Begin PBXProject section */
		1485DD5F1E01B50B0055FD00 /* Project object */ = {
			isa = PBXProject;
			attributes = {
				LastSwiftUpdateCheck = 0810;
				LastUpgradeCheck = 0820;
				ORGANIZATIONNAME = zhrhodes;
				TargetAttributes = {
					1485DD661E01B50B0055FD00 = {
						CreatedOnToolsVersion = 8.1;
						DevelopmentTeam = A34Z338JKJ;
						ProvisioningStyle = Automatic;
						SystemCapabilities = {
							com.apple.Keychain = {
								enabled = 1;
							};
						};
					};
					1485DD7D1E01B50B0055FD00 = {
						CreatedOnToolsVersion = 8.1;
						DevelopmentTeam = A34Z338JKJ;
						ProvisioningStyle = Automatic;
						TestTargetID = 1485DD661E01B50B0055FD00;
					};
					1485DD881E01B50B0055FD00 = {
						CreatedOnToolsVersion = 8.1;
						DevelopmentTeam = A34Z338JKJ;
						ProvisioningStyle = Automatic;
						TestTargetID = 1485DD661E01B50B0055FD00;
					};
				};
			};
			buildConfigurationList = 1485DD621E01B50B0055FD00 /* Build configuration list for PBXProject "Medley" */;
			compatibilityVersion = "Xcode 3.2";
			developmentRegion = English;
			hasScannedForEncodings = 0;
			knownRegions = (
				en,
				Base,
			);
			mainGroup = 1485DD5E1E01B50B0055FD00;
			productRefGroup = 1485DD681E01B50B0055FD00 /* Products */;
			projectDirPath = "";
			projectRoot = "";
			targets = (
				1485DD661E01B50B0055FD00 /* Medley */,
				1485DD7D1E01B50B0055FD00 /* MedleyTests */,
				1485DD881E01B50B0055FD00 /* MedleyUITests */,
			);
		};
/* End PBXProject section */

/* Begin PBXResourcesBuildPhase section */
		1485DD651E01B50B0055FD00 /* Resources */ = {
			isa = PBXResourcesBuildPhase;
			buildActionMask = 2147483647;
			files = (
				1485DD781E01B50B0055FD00 /* LaunchScreen.storyboard in Resources */,
				1485DD751E01B50B0055FD00 /* Assets.xcassets in Resources */,
				1485DD9C1E01B5700055FD00 /* GoogleService-Info.plist in Resources */,
				14DC21891E05C2DC00B621EE /* Login.storyboard in Resources */,
				1485DD701E01B50B0055FD00 /* Main.storyboard in Resources */,
			);
			runOnlyForDeploymentPostprocessing = 0;
		};
		1485DD7C1E01B50B0055FD00 /* Resources */ = {
			isa = PBXResourcesBuildPhase;
			buildActionMask = 2147483647;
			files = (
				1485DD9D1E01B5700055FD00 /* GoogleService-Info.plist in Resources */,
			);
			runOnlyForDeploymentPostprocessing = 0;
		};
		1485DD871E01B50B0055FD00 /* Resources */ = {
			isa = PBXResourcesBuildPhase;
			buildActionMask = 2147483647;
			files = (
				1485DD9E1E01B5700055FD00 /* GoogleService-Info.plist in Resources */,
			);
			runOnlyForDeploymentPostprocessing = 0;
		};
/* End PBXResourcesBuildPhase section */

/* Begin PBXShellScriptBuildPhase section */
		084BFBD941EB4C663C6B6EC4 /* [CP] Check Pods Manifest.lock */ = {
			isa = PBXShellScriptBuildPhase;
			buildActionMask = 2147483647;
			files = (
			);
			inputPaths = (
			);
			name = "[CP] Check Pods Manifest.lock";
			outputPaths = (
			);
			runOnlyForDeploymentPostprocessing = 0;
			shellPath = /bin/sh;
			shellScript = "diff \"${PODS_ROOT}/../Podfile.lock\" \"${PODS_ROOT}/Manifest.lock\" > /dev/null\nif [ $? != 0 ] ; then\n    # print error to STDERR\n    echo \"error: The sandbox is not in sync with the Podfile.lock. Run 'pod install' or update your CocoaPods installation.\" >&2\n    exit 1\nfi\n";
			showEnvVarsInLog = 0;
		};
		2CB064A25A3CFF2DC70C4669 /* [CP] Check Pods Manifest.lock */ = {
			isa = PBXShellScriptBuildPhase;
			buildActionMask = 2147483647;
			files = (
			);
			inputPaths = (
			);
			name = "[CP] Check Pods Manifest.lock";
			outputPaths = (
			);
			runOnlyForDeploymentPostprocessing = 0;
			shellPath = /bin/sh;
			shellScript = "diff \"${PODS_ROOT}/../Podfile.lock\" \"${PODS_ROOT}/Manifest.lock\" > /dev/null\nif [ $? != 0 ] ; then\n    # print error to STDERR\n    echo \"error: The sandbox is not in sync with the Podfile.lock. Run 'pod install' or update your CocoaPods installation.\" >&2\n    exit 1\nfi\n";
			showEnvVarsInLog = 0;
		};
		5885CA683D7F134BE4B4B88F /* [CP] Embed Pods Frameworks */ = {
			isa = PBXShellScriptBuildPhase;
			buildActionMask = 2147483647;
			files = (
			);
			inputPaths = (
			);
			name = "[CP] Embed Pods Frameworks";
			outputPaths = (
			);
			runOnlyForDeploymentPostprocessing = 0;
			shellPath = /bin/sh;
			shellScript = "\"${SRCROOT}/Pods/Target Support Files/Pods-MedleyTests/Pods-MedleyTests-frameworks.sh\"\n";
			showEnvVarsInLog = 0;
		};
		702AC69E72BDE696AC2428F3 /* [CP] Embed Pods Frameworks */ = {
			isa = PBXShellScriptBuildPhase;
			buildActionMask = 2147483647;
			files = (
			);
			inputPaths = (
			);
			name = "[CP] Embed Pods Frameworks";
			outputPaths = (
			);
			runOnlyForDeploymentPostprocessing = 0;
			shellPath = /bin/sh;
			shellScript = "\"${SRCROOT}/Pods/Target Support Files/Pods-Medley/Pods-Medley-frameworks.sh\"\n";
			showEnvVarsInLog = 0;
		};
		8CE1EF1EF7E2F79499A56EBE /* [CP] Embed Pods Frameworks */ = {
			isa = PBXShellScriptBuildPhase;
			buildActionMask = 2147483647;
			files = (
			);
			inputPaths = (
			);
			name = "[CP] Embed Pods Frameworks";
			outputPaths = (
			);
			runOnlyForDeploymentPostprocessing = 0;
			shellPath = /bin/sh;
			shellScript = "\"${SRCROOT}/Pods/Target Support Files/Pods-MedleyUITests/Pods-MedleyUITests-frameworks.sh\"\n";
			showEnvVarsInLog = 0;
		};
		90E94106F56FE327727A955F /* [CP] Check Pods Manifest.lock */ = {
			isa = PBXShellScriptBuildPhase;
			buildActionMask = 2147483647;
			files = (
			);
			inputPaths = (
			);
			name = "[CP] Check Pods Manifest.lock";
			outputPaths = (
			);
			runOnlyForDeploymentPostprocessing = 0;
			shellPath = /bin/sh;
			shellScript = "diff \"${PODS_ROOT}/../Podfile.lock\" \"${PODS_ROOT}/Manifest.lock\" > /dev/null\nif [ $? != 0 ] ; then\n    # print error to STDERR\n    echo \"error: The sandbox is not in sync with the Podfile.lock. Run 'pod install' or update your CocoaPods installation.\" >&2\n    exit 1\nfi\n";
			showEnvVarsInLog = 0;
		};
		A442F069C3D6A45AE45E0AB3 /* [CP] Copy Pods Resources */ = {
			isa = PBXShellScriptBuildPhase;
			buildActionMask = 2147483647;
			files = (
			);
			inputPaths = (
			);
			name = "[CP] Copy Pods Resources";
			outputPaths = (
			);
			runOnlyForDeploymentPostprocessing = 0;
			shellPath = /bin/sh;
			shellScript = "\"${SRCROOT}/Pods/Target Support Files/Pods-MedleyUITests/Pods-MedleyUITests-resources.sh\"\n";
			showEnvVarsInLog = 0;
		};
		AE5B811791E96287BD113638 /* [CP] Copy Pods Resources */ = {
			isa = PBXShellScriptBuildPhase;
			buildActionMask = 2147483647;
			files = (
			);
			inputPaths = (
			);
			name = "[CP] Copy Pods Resources";
			outputPaths = (
			);
			runOnlyForDeploymentPostprocessing = 0;
			shellPath = /bin/sh;
			shellScript = "\"${SRCROOT}/Pods/Target Support Files/Pods-Medley/Pods-Medley-resources.sh\"\n";
			showEnvVarsInLog = 0;
		};
		C0CE81BAC3A43C98E66DB651 /* [CP] Copy Pods Resources */ = {
			isa = PBXShellScriptBuildPhase;
			buildActionMask = 2147483647;
			files = (
			);
			inputPaths = (
			);
			name = "[CP] Copy Pods Resources";
			outputPaths = (
			);
			runOnlyForDeploymentPostprocessing = 0;
			shellPath = /bin/sh;
			shellScript = "\"${SRCROOT}/Pods/Target Support Files/Pods-MedleyTests/Pods-MedleyTests-resources.sh\"\n";
			showEnvVarsInLog = 0;
		};
/* End PBXShellScriptBuildPhase section */

/* Begin PBXSourcesBuildPhase section */
		1485DD631E01B50B0055FD00 /* Sources */ = {
			isa = PBXSourcesBuildPhase;
			buildActionMask = 2147483647;
			files = (
				14A17B041E4942FA000D3146 /* Song.swift in Sources */,
				14A17B001E4942DF000D3146 /* SongViewModel.swift in Sources */,
				1453B1591E0C72CF009116AF /* UsernameViewController.swift in Sources */,
				1485DD6D1E01B50B0055FD00 /* LoginRootViewController.swift in Sources */,
				14A17B0C1E494AB1000D3146 /* MockMusicProvider.swift in Sources */,
				14441DF71E517925004F2F45 /* MusicPostViewModel.swift in Sources */,
				147026621E033290004EFE39 /* LoginProvider.swift in Sources */,
				147026681E049972004EFE39 /* MusicProvider.swift in Sources */,
				1453B15F1E0E5C0A009116AF /* FriendSearchViewController.swift in Sources */,
				14A17B0F1E497823000D3146 /* MusicPost.swift in Sources */,
				1485DD731E01B50B0055FD00 /* Medley.xcdatamodeld in Sources */,
				14A17B061E494459000D3146 /* User.swift in Sources */,
				14441DF51E517878004F2F45 /* FeedCollapsedCell.swift in Sources */,
				14A17B081E49454D000D3146 /* UserViewModel.swift in Sources */,
				14441DF91E51851A004F2F45 /* FeedViewModel.swift in Sources */,
				14A17B111E49810F000D3146 /* MockDataProvider.swift in Sources */,
				14A17B131E49CA49000D3146 /* FeedViewController.swift in Sources */,
				14441DFD1E518A72004F2F45 /* DataProvider.swift in Sources */,
				147026641E0335AD004EFE39 /* FacebookManager.swift in Sources */,
				14A17B0A1E494612000D3146 /* SegueIdentifiers.swift in Sources */,
				147026601E033158004EFE39 /* MedleySession.swift in Sources */,
				147026661E033649004EFE39 /* SocialMediaProvider.swift in Sources */,
				14C8AD7F1E0B3BCF00D990BF /* MainRootVC.swift in Sources */,
				1485DD6B1E01B50B0055FD00 /* AppDelegate.swift in Sources */,
				1453B15C1E0E5A7A009116AF /* FriendSearchCell.swift in Sources */,
			);
			runOnlyForDeploymentPostprocessing = 0;
		};
		1485DD7A1E01B50B0055FD00 /* Sources */ = {
			isa = PBXSourcesBuildPhase;
			buildActionMask = 2147483647;
			files = (
				1485DD831E01B50B0055FD00 /* MedleyTests.swift in Sources */,
			);
			runOnlyForDeploymentPostprocessing = 0;
		};
		1485DD851E01B50B0055FD00 /* Sources */ = {
			isa = PBXSourcesBuildPhase;
			buildActionMask = 2147483647;
			files = (
				1485DD8E1E01B50B0055FD00 /* MedleyUITests.swift in Sources */,
			);
			runOnlyForDeploymentPostprocessing = 0;
		};
/* End PBXSourcesBuildPhase section */

/* Begin PBXTargetDependency section */
		1485DD801E01B50B0055FD00 /* PBXTargetDependency */ = {
			isa = PBXTargetDependency;
			target = 1485DD661E01B50B0055FD00 /* Medley */;
			targetProxy = 1485DD7F1E01B50B0055FD00 /* PBXContainerItemProxy */;
		};
		1485DD8B1E01B50B0055FD00 /* PBXTargetDependency */ = {
			isa = PBXTargetDependency;
			target = 1485DD661E01B50B0055FD00 /* Medley */;
			targetProxy = 1485DD8A1E01B50B0055FD00 /* PBXContainerItemProxy */;
		};
/* End PBXTargetDependency section */

/* Begin PBXVariantGroup section */
		1485DD6E1E01B50B0055FD00 /* Main.storyboard */ = {
			isa = PBXVariantGroup;
			children = (
				1485DD6F1E01B50B0055FD00 /* Base */,
			);
			name = Main.storyboard;
			sourceTree = "<group>";
		};
		1485DD761E01B50B0055FD00 /* LaunchScreen.storyboard */ = {
			isa = PBXVariantGroup;
			children = (
				1485DD771E01B50B0055FD00 /* Base */,
			);
			name = LaunchScreen.storyboard;
			sourceTree = "<group>";
		};
/* End PBXVariantGroup section */

/* Begin XCBuildConfiguration section */
		1485DD901E01B50B0055FD00 /* Debug */ = {
			isa = XCBuildConfiguration;
			buildSettings = {
				ALWAYS_SEARCH_USER_PATHS = NO;
				CLANG_ANALYZER_NONNULL = YES;
				CLANG_CXX_LANGUAGE_STANDARD = "gnu++0x";
				CLANG_CXX_LIBRARY = "libc++";
				CLANG_ENABLE_MODULES = YES;
				CLANG_ENABLE_OBJC_ARC = YES;
				CLANG_WARN_BOOL_CONVERSION = YES;
				CLANG_WARN_CONSTANT_CONVERSION = YES;
				CLANG_WARN_DIRECT_OBJC_ISA_USAGE = YES_ERROR;
				CLANG_WARN_DOCUMENTATION_COMMENTS = YES;
				CLANG_WARN_EMPTY_BODY = YES;
				CLANG_WARN_ENUM_CONVERSION = YES;
				CLANG_WARN_INFINITE_RECURSION = YES;
				CLANG_WARN_INT_CONVERSION = YES;
				CLANG_WARN_OBJC_ROOT_CLASS = YES_ERROR;
				CLANG_WARN_SUSPICIOUS_MOVE = YES;
				CLANG_WARN_SUSPICIOUS_MOVES = YES;
				CLANG_WARN_UNREACHABLE_CODE = YES;
				CLANG_WARN__DUPLICATE_METHOD_MATCH = YES;
				"CODE_SIGN_IDENTITY[sdk=iphoneos*]" = "iPhone Developer";
				COPY_PHASE_STRIP = NO;
				DEBUG_INFORMATION_FORMAT = dwarf;
				ENABLE_STRICT_OBJC_MSGSEND = YES;
				ENABLE_TESTABILITY = YES;
				GCC_C_LANGUAGE_STANDARD = gnu99;
				GCC_DYNAMIC_NO_PIC = NO;
				GCC_NO_COMMON_BLOCKS = YES;
				GCC_OPTIMIZATION_LEVEL = 0;
				GCC_PREPROCESSOR_DEFINITIONS = (
					"DEBUG=1",
					"$(inherited)",
				);
				GCC_WARN_64_TO_32_BIT_CONVERSION = YES;
				GCC_WARN_ABOUT_RETURN_TYPE = YES_ERROR;
				GCC_WARN_UNDECLARED_SELECTOR = YES;
				GCC_WARN_UNINITIALIZED_AUTOS = YES_AGGRESSIVE;
				GCC_WARN_UNUSED_FUNCTION = YES;
				GCC_WARN_UNUSED_VARIABLE = YES;
				IPHONEOS_DEPLOYMENT_TARGET = 10.1;
				MTL_ENABLE_DEBUG_INFO = YES;
				ONLY_ACTIVE_ARCH = YES;
				SDKROOT = iphoneos;
				SWIFT_ACTIVE_COMPILATION_CONDITIONS = DEBUG;
				SWIFT_OPTIMIZATION_LEVEL = "-Onone";
			};
			name = Debug;
		};
		1485DD911E01B50B0055FD00 /* Release */ = {
			isa = XCBuildConfiguration;
			buildSettings = {
				ALWAYS_SEARCH_USER_PATHS = NO;
				CLANG_ANALYZER_NONNULL = YES;
				CLANG_CXX_LANGUAGE_STANDARD = "gnu++0x";
				CLANG_CXX_LIBRARY = "libc++";
				CLANG_ENABLE_MODULES = YES;
				CLANG_ENABLE_OBJC_ARC = YES;
				CLANG_WARN_BOOL_CONVERSION = YES;
				CLANG_WARN_CONSTANT_CONVERSION = YES;
				CLANG_WARN_DIRECT_OBJC_ISA_USAGE = YES_ERROR;
				CLANG_WARN_DOCUMENTATION_COMMENTS = YES;
				CLANG_WARN_EMPTY_BODY = YES;
				CLANG_WARN_ENUM_CONVERSION = YES;
				CLANG_WARN_INFINITE_RECURSION = YES;
				CLANG_WARN_INT_CONVERSION = YES;
				CLANG_WARN_OBJC_ROOT_CLASS = YES_ERROR;
				CLANG_WARN_SUSPICIOUS_MOVE = YES;
				CLANG_WARN_SUSPICIOUS_MOVES = YES;
				CLANG_WARN_UNREACHABLE_CODE = YES;
				CLANG_WARN__DUPLICATE_METHOD_MATCH = YES;
				"CODE_SIGN_IDENTITY[sdk=iphoneos*]" = "iPhone Developer";
				COPY_PHASE_STRIP = NO;
				DEBUG_INFORMATION_FORMAT = "dwarf-with-dsym";
				ENABLE_NS_ASSERTIONS = NO;
				ENABLE_STRICT_OBJC_MSGSEND = YES;
				GCC_C_LANGUAGE_STANDARD = gnu99;
				GCC_NO_COMMON_BLOCKS = YES;
				GCC_WARN_64_TO_32_BIT_CONVERSION = YES;
				GCC_WARN_ABOUT_RETURN_TYPE = YES_ERROR;
				GCC_WARN_UNDECLARED_SELECTOR = YES;
				GCC_WARN_UNINITIALIZED_AUTOS = YES_AGGRESSIVE;
				GCC_WARN_UNUSED_FUNCTION = YES;
				GCC_WARN_UNUSED_VARIABLE = YES;
				IPHONEOS_DEPLOYMENT_TARGET = 10.1;
				MTL_ENABLE_DEBUG_INFO = NO;
				SDKROOT = iphoneos;
				SWIFT_OPTIMIZATION_LEVEL = "-Owholemodule";
				VALIDATE_PRODUCT = YES;
			};
			name = Release;
		};
		1485DD931E01B50B0055FD00 /* Debug */ = {
			isa = XCBuildConfiguration;
			baseConfigurationReference = CD7E1B740C3CFD60A2EC3213 /* Pods-Medley.debug.xcconfig */;
			buildSettings = {
				ALWAYS_EMBED_SWIFT_STANDARD_LIBRARIES = YES;
				ASSETCATALOG_COMPILER_APPICON_NAME = AppIcon;
				CODE_SIGN_ENTITLEMENTS = Medley/Medley.entitlements;
				DEVELOPMENT_TEAM = A34Z338JKJ;
				INFOPLIST_FILE = Medley/Info.plist;
				LD_RUNPATH_SEARCH_PATHS = "$(inherited) @executable_path/Frameworks";
				PRODUCT_BUNDLE_IDENTIFIER = com.ios.MedleyApp.Medley;
				PRODUCT_NAME = "$(TARGET_NAME)";
				SWIFT_VERSION = 3.0;
			};
			name = Debug;
		};
		1485DD941E01B50B0055FD00 /* Release */ = {
			isa = XCBuildConfiguration;
			baseConfigurationReference = 1AAE07A0001705C05781F511 /* Pods-Medley.release.xcconfig */;
			buildSettings = {
				ALWAYS_EMBED_SWIFT_STANDARD_LIBRARIES = YES;
				ASSETCATALOG_COMPILER_APPICON_NAME = AppIcon;
				CODE_SIGN_ENTITLEMENTS = Medley/Medley.entitlements;
				DEVELOPMENT_TEAM = A34Z338JKJ;
				INFOPLIST_FILE = Medley/Info.plist;
				LD_RUNPATH_SEARCH_PATHS = "$(inherited) @executable_path/Frameworks";
				PRODUCT_BUNDLE_IDENTIFIER = com.ios.MedleyApp.Medley;
				PRODUCT_NAME = "$(TARGET_NAME)";
				SWIFT_VERSION = 3.0;
			};
			name = Release;
		};
		1485DD961E01B50B0055FD00 /* Debug */ = {
			isa = XCBuildConfiguration;
			baseConfigurationReference = 9915AB07A5C2833306EB6AD8 /* Pods-MedleyTests.debug.xcconfig */;
			buildSettings = {
				ALWAYS_EMBED_SWIFT_STANDARD_LIBRARIES = YES;
				BUNDLE_LOADER = "$(TEST_HOST)";
				DEVELOPMENT_TEAM = A34Z338JKJ;
				INFOPLIST_FILE = MedleyTests/Info.plist;
				LD_RUNPATH_SEARCH_PATHS = "$(inherited) @executable_path/Frameworks @loader_path/Frameworks";
				PRODUCT_BUNDLE_IDENTIFIER = com.ios.MedleyApp.MedleyTests;
				PRODUCT_NAME = "$(TARGET_NAME)";
				SWIFT_VERSION = 3.0;
				TEST_HOST = "$(BUILT_PRODUCTS_DIR)/Medley.app/Medley";
			};
			name = Debug;
		};
		1485DD971E01B50B0055FD00 /* Release */ = {
			isa = XCBuildConfiguration;
			baseConfigurationReference = 82F4B59DD7B832657BE8DAC9 /* Pods-MedleyTests.release.xcconfig */;
			buildSettings = {
				ALWAYS_EMBED_SWIFT_STANDARD_LIBRARIES = YES;
				BUNDLE_LOADER = "$(TEST_HOST)";
				DEVELOPMENT_TEAM = A34Z338JKJ;
				INFOPLIST_FILE = MedleyTests/Info.plist;
				LD_RUNPATH_SEARCH_PATHS = "$(inherited) @executable_path/Frameworks @loader_path/Frameworks";
				PRODUCT_BUNDLE_IDENTIFIER = com.ios.MedleyApp.MedleyTests;
				PRODUCT_NAME = "$(TARGET_NAME)";
				SWIFT_VERSION = 3.0;
				TEST_HOST = "$(BUILT_PRODUCTS_DIR)/Medley.app/Medley";
			};
			name = Release;
		};
		1485DD991E01B50B0055FD00 /* Debug */ = {
			isa = XCBuildConfiguration;
			baseConfigurationReference = 08C1FFE4B8B7F7117F7811DC /* Pods-MedleyUITests.debug.xcconfig */;
			buildSettings = {
				ALWAYS_EMBED_SWIFT_STANDARD_LIBRARIES = YES;
				DEVELOPMENT_TEAM = A34Z338JKJ;
				INFOPLIST_FILE = MedleyUITests/Info.plist;
				LD_RUNPATH_SEARCH_PATHS = "$(inherited) @executable_path/Frameworks @loader_path/Frameworks";
				PRODUCT_BUNDLE_IDENTIFIER = com.ios.MedleyApp.MedleyUITests;
				PRODUCT_NAME = "$(TARGET_NAME)";
				SWIFT_VERSION = 3.0;
				TEST_TARGET_NAME = Medley;
			};
			name = Debug;
		};
		1485DD9A1E01B50B0055FD00 /* Release */ = {
			isa = XCBuildConfiguration;
			baseConfigurationReference = EE95673C61D7EFD6074C4FDF /* Pods-MedleyUITests.release.xcconfig */;
			buildSettings = {
				ALWAYS_EMBED_SWIFT_STANDARD_LIBRARIES = YES;
				DEVELOPMENT_TEAM = A34Z338JKJ;
				INFOPLIST_FILE = MedleyUITests/Info.plist;
				LD_RUNPATH_SEARCH_PATHS = "$(inherited) @executable_path/Frameworks @loader_path/Frameworks";
				PRODUCT_BUNDLE_IDENTIFIER = com.ios.MedleyApp.MedleyUITests;
				PRODUCT_NAME = "$(TARGET_NAME)";
				SWIFT_VERSION = 3.0;
				TEST_TARGET_NAME = Medley;
			};
			name = Release;
		};
/* End XCBuildConfiguration section */

/* Begin XCConfigurationList section */
		1485DD621E01B50B0055FD00 /* Build configuration list for PBXProject "Medley" */ = {
			isa = XCConfigurationList;
			buildConfigurations = (
				1485DD901E01B50B0055FD00 /* Debug */,
				1485DD911E01B50B0055FD00 /* Release */,
			);
			defaultConfigurationIsVisible = 0;
			defaultConfigurationName = Release;
		};
		1485DD921E01B50B0055FD00 /* Build configuration list for PBXNativeTarget "Medley" */ = {
			isa = XCConfigurationList;
			buildConfigurations = (
				1485DD931E01B50B0055FD00 /* Debug */,
				1485DD941E01B50B0055FD00 /* Release */,
			);
			defaultConfigurationIsVisible = 0;
			defaultConfigurationName = Release;
		};
		1485DD951E01B50B0055FD00 /* Build configuration list for PBXNativeTarget "MedleyTests" */ = {
			isa = XCConfigurationList;
			buildConfigurations = (
				1485DD961E01B50B0055FD00 /* Debug */,
				1485DD971E01B50B0055FD00 /* Release */,
			);
			defaultConfigurationIsVisible = 0;
			defaultConfigurationName = Release;
		};
		1485DD981E01B50B0055FD00 /* Build configuration list for PBXNativeTarget "MedleyUITests" */ = {
			isa = XCConfigurationList;
			buildConfigurations = (
				1485DD991E01B50B0055FD00 /* Debug */,
				1485DD9A1E01B50B0055FD00 /* Release */,
			);
			defaultConfigurationIsVisible = 0;
			defaultConfigurationName = Release;
		};
/* End XCConfigurationList section */

/* Begin XCVersionGroup section */
		1485DD711E01B50B0055FD00 /* Medley.xcdatamodeld */ = {
			isa = XCVersionGroup;
			children = (
				1485DD721E01B50B0055FD00 /* Medley.xcdatamodel */,
			);
			currentVersion = 1485DD721E01B50B0055FD00 /* Medley.xcdatamodel */;
			path = Medley.xcdatamodeld;
			sourceTree = "<group>";
			versionGroupType = wrapper.xcdatamodel;
		};
/* End XCVersionGroup section */
	};
	rootObject = 1485DD5F1E01B50B0055FD00 /* Project object */;
}
